hash: 144c72070c353a53d5b80dcfc211d98817ed27a1f11845752fae998f21b37cce
updated: 2019-05-17T11:34:10.764277+08:00
imports:
- name: github.com/armon/go-socks5
  version: e75332964ef517daa070d7c38a9466a0d687e0a5
- name: github.com/gortc/stun
  version: 3c40912f48996d590b9fa5be490612e49b2bb5ba
- name: github.com/inconshreveable/mousetrap
  version: 76626ae9c91c4f2a10f34cad8ce83ea42c93bb75
- name: github.com/shadowsocks/shadowsocks-go
  version: 97a5c71f80ba5f5b3e549f14a619fe557ff4f3c9
  subpackages:
  - shadowsocks
- name: github.com/Sirupsen/logrus
  version: f006c2ac4710855cf0f916dd6b77acf6b048dc6e
- name: github.com/spf13/cobra
  version: 7547e83b2d85fd1893c7d76916f67689d761fecb
  repo: https://github.com/spf13/cobra
  vcs: git
- name: github.com/spf13/pflag
  version: 24fa6976df40757dce6aea913e7b81ade90530e1
  repo: https://github.com/spf13/pflag
  vcs: git
- name: github.com/spf13/viper
  version: 6d33b5a963d922d182c91e8a1c88d81fd150cfd4
  repo: https://github.com/spf13/viper
  vcs: git
- name: github.com/Yawning/chacha20
  version: e3b1f968fc6397b51d963fee8ec8711a47bc0ce8
  repo: https://github.com/Yawning/chacha20
  vcs: git
- name: golang.org/x/crypto
  version: ffb98f73852f696ea2bb21a617a5c4b3e067a439
  repo: https://github.com/golang/crypto.git
  vcs: git
  subpackages:
  - blowfish
  - cast5
  - salsa20/salsa
  - ssh/terminal
- name: golang.org/x/net
  version: 3a22650c66bd7f4fb6d1e8072ffd7b75c8a27898
  repo: https://github.com/golang/net.git
  vcs: git
  subpackages:
  - context
- name: golang.org/x/sys
  version: cd391775e71e684db52b63df9affd58269495083
  repo: https://github.com/golang/sys.git
  vcs: git
  subpackages:
  - unix
  - windows
- name: golang.org/x/text
  version: 6c92c7dc7f53607809182301b96e4cc1975143f1
  repo: https://github.com/golang/text.git
  vcs: git
testImports: []
